// !$*UTF8*$!
{
	archiveVersion = 1;
	classes = {
	};
	objectVersion = 46;
	objects = {

/* Begin PBXBuildFile section */
		5B57D4311C979E7700A7041C /* main.m in Sources */ = {isa = PBXBuildFile; fileRef = 5B57D4301C979E7700A7041C /* main.m */; };
		5B57D4341C979E7700A7041C /* AppDelegate.m in Sources */ = {isa = PBXBuildFile; fileRef = 5B57D4331C979E7700A7041C /* AppDelegate.m */; };
		5B57D4371C979E7700A7041C /* ViewController.m in Sources */ = {isa = PBXBuildFile; fileRef = 5B57D4361C979E7700A7041C /* ViewController.m */; };
		5B57D43A1C979E7700A7041C /* Main.storyboard in Resources */ = {isa = PBXBuildFile; fileRef = 5B57D4381C979E7700A7041C /* Main.storyboard */; };
		5B57D43C1C979E7700A7041C /* Assets.xcassets in Resources */ = {isa = PBXBuildFile; fileRef = 5B57D43B1C979E7700A7041C /* Assets.xcassets */; };
		5B57D43F1C979E7700A7041C /* LaunchScreen.storyboard in Resources */ = {isa = PBXBuildFile; fileRef = 5B57D43D1C979E7700A7041C /* LaunchScreen.storyboard */; };
		5B57D44A1C979E7700A7041C /* __Tests.m in Sources */ = {isa = PBXBuildFile; fileRef = 5B57D4491C979E7700A7041C /* __Tests.m */; };
		5B57D4551C979E7700A7041C /* __UITests.m in Sources */ = {isa = PBXBuildFile; fileRef = 5B57D4541C979E7700A7041C /* __UITests.m */; };
/* End PBXBuildFile section */

/* Begin PBXContainerItemProxy section */
		5B57D4461C979E7700A7041C /* PBXContainerItemProxy */ = {
			isa = PBXContainerItemProxy;
			containerPortal = 5B57D4241C979E7700A7041C /* Project object */;
			proxyType = 1;
			remoteGlobalIDString = 5B57D42B1C979E7700A7041C;
			remoteInfo = "无限";
		};
		5B57D4511C979E7700A7041C /* PBXContainerItemProxy */ = {
			isa = PBXContainerItemProxy;
			containerPortal = 5B57D4241C979E7700A7041C /* Project object */;
			proxyType = 1;
			remoteGlobalIDString = 5B57D42B1C979E7700A7041C;
			remoteInfo = "无限";
		};
/* End PBXContainerItemProxy section */

/* Begin PBXFileReference section */
		5B57D42C1C979E7700A7041C /* 无限.app */ = {isa = PBXFileReference; explicitFileType = wrapper.application; includeInIndex = 0; path = "无限.app"; sourceTree = BUILT_PRODUCTS_DIR; };
		5B57D4301C979E7700A7041C /* main.m */ = {isa = PBXFileReference; lastKnownFileType = sourcecode.c.objc; path = main.m; sourceTree = "<group>"; };
		5B57D4321C979E7700A7041C /* AppDelegate.h */ = {isa = PBXFileReference; lastKnownFileType = sourcecode.c.h; path = AppDelegate.h; sourceTree = "<group>"; };
		5B57D4331C979E7700A7041C /* AppDelegate.m */ = {isa = PBXFileReference; lastKnownFileType = sourcecode.c.objc; path = AppDelegate.m; sourceTree = "<group>"; };
		5B57D4351C979E7700A7041C /* ViewController.h */ = {isa = PBXFileReference; lastKnownFileType = sourcecode.c.h; path = ViewController.h; sourceTree = "<group>"; };
		5B57D4361C979E7700A7041C /* ViewController.m */ = {isa = PBXFileReference; lastKnownFileType = sourcecode.c.objc; path = ViewController.m; sourceTree = "<group>"; };
		5B57D4391C979E7700A7041C /* Base */ = {isa = PBXFileReference; lastKnownFileType = file.storyboard; name = Base; path = Base.lproj/Main.storyboard; sourceTree = "<group>"; };
		5B57D43B1C979E7700A7041C /* Assets.xcassets */ = {isa = PBXFileReference; lastKnownFileType = folder.assetcatalog; path = Assets.xcassets; sourceTree = "<group>"; };
		5B57D43E1C979E7700A7041C /* Base */ = {isa = PBXFileReference; lastKnownFileType = file.storyboard; name = Base; path = Base.lproj/LaunchScreen.storyboard; sourceTree = "<group>"; };
		5B57D4401C979E7700A7041C /* Info.plist */ = {isa = PBXFileReference; lastKnownFileType = text.plist.xml; path = Info.plist; sourceTree = "<group>"; };
		5B57D4451C979E7700A7041C /* 无限Tests.xctest */ = {isa = PBXFileReference; explicitFileType = wrapper.cfbundle; includeInIndex = 0; path = "无限Tests.xctest"; sourceTree = BUILT_PRODUCTS_DIR; };
		5B57D4491C979E7700A7041C /* __Tests.m */ = {isa = PBXFileReference; lastKnownFileType = sourcecode.c.objc; path = __Tests.m; sourceTree = "<group>"; };
		5B57D44B1C979E7700A7041C /* Info.plist */ = {isa = PBXFileReference; lastKnownFileType = text.plist.xml; path = Info.plist; sourceTree = "<group>"; };
		5B57D4501C979E7700A7041C /* 无限UITests.xctest */ = {isa = PBXFileReference; explicitFileType = wrapper.cfbundle; includeInIndex = 0; path = "无限UITests.xctest"; sourceTree = BUILT_PRODUCTS_DIR; };
		5B57D4541C979E7700A7041C /* __UITests.m */ = {isa = PBXFileReference; lastKnownFileType = sourcecode.c.objc; path = __UITests.m; sourceTree = "<group>"; };
		5B57D4561C979E7700A7041C /* Info.plist */ = {isa = PBXFileReference; lastKnownFileType = text.plist.xml; path = Info.plist; sourceTree = "<group>"; };
/* End PBXFileReference section */

/* Begin PBXFrameworksBuildPhase section */
		5B57D4291C979E7700A7041C /* Frameworks */ = {
			isa = PBXFrameworksBuildPhase;
			buildActionMask = 2147483647;
			files = (
			);
			runOnlyForDeploymentPostprocessing = 0;
		};
		5B57D4421C979E7700A7041C /* Frameworks */ = {
			isa = PBXFrameworksBuildPhase;
			buildActionMask = 2147483647;
			files = (
			);
			runOnlyForDeploymentPostprocessing = 0;
		};
		5B57D44D1C979E7700A7041C /* Frameworks */ = {
			isa = PBXFrameworksBuildPhase;
			buildActionMask = 2147483647;
			files = (
			);
			runOnlyForDeploymentPostprocessing = 0;
		};
/* End PBXFrameworksBuildPhase section */

/* Begin PBXGroup section */
		5B57D4231C979E7700A7041C = {
			isa = PBXGroup;
			children = (
				5B57D42E1C979E7700A7041C /* 无限 */,
				5B57D4481C979E7700A7041C /* 无限Tests */,
				5B57D4531C979E7700A7041C /* 无限UITests */,
				5B57D42D1C979E7700A7041C /* Products */,
			);
			sourceTree = "<group>";
		};
		5B57D42D1C979E7700A7041C /* Products */ = {
			isa = PBXGroup;
			children = (
				5B57D42C1C979E7700A7041C /* 无限.app */,
				5B57D4451C979E7700A7041C /* 无限Tests.xctest */,
				5B57D4501C979E7700A7041C /* 无限UITests.xctest */,
			);
			name = Products;
			sourceTree = "<group>";
		};
		5B57D42E1C979E7700A7041C /* 无限 */ = {
			isa = PBXGroup;
			children = (
				5B57D4321C979E7700A7041C /* AppDelegate.h */,
				5B57D4331C979E7700A7041C /* AppDelegate.m */,
				5B57D4351C979E7700A7041C /* ViewController.h */,
				5B57D4361C979E7700A7041C /* ViewController.m */,
				5B57D4381C979E7700A7041C /* Main.storyboard */,
				5B57D43B1C979E7700A7041C /* Assets.xcassets */,
				5B57D43D1C979E7700A7041C /* LaunchScreen.storyboard */,
				5B57D4401C979E7700A7041C /* Info.plist */,
				5B57D42F1C979E7700A7041C /* Supporting Files */,
			);
			path = "无限";
			sourceTree = "<group>";
		};
		5B57D42F1C979E7700A7041C /* Supporting Files */ = {
			isa = PBXGroup;
			children = (
				5B57D4301C979E7700A7041C /* main.m */,
			);
			name = "Supporting Files";
			sourceTree = "<group>";
		};
		5B57D4481C979E7700A7041C /* 无限Tests */ = {
			isa = PBXGroup;
			children = (
				5B57D4491C979E7700A7041C /* __Tests.m */,
				5B57D44B1C979E7700A7041C /* Info.plist */,
			);
			path = "无限Tests";
			sourceTree = "<group>";
		};
		5B57D4531C979E7700A7041C /* 无限UITests */ = {
			isa = PBXGroup;
			children = (
				5B57D4541C979E7700A7041C /* __UITests.m */,
				5B57D4561C979E7700A7041C /* Info.plist */,
			);
			path = "无限UITests";
			sourceTree = "<group>";
		};
/* End PBXGroup section */

/* Begin PBXNativeTarget section */
		5B57D42B1C979E7700A7041C /* 无限 */ = {
			isa = PBXNativeTarget;
			buildConfigurationList = 5B57D4591C979E7700A7041C /* Build configuration list for PBXNativeTarget "无限" */;
			buildPhases = (
				5B57D4281C979E7700A7041C /* Sources */,
				5B57D4291C979E7700A7041C /* Frameworks */,
				5B57D42A1C979E7700A7041C /* Resources */,
			);
			buildRules = (
			);
			dependencies = (
			);
			name = "无限";
			productName = "无限";
			productReference = 5B57D42C1C979E7700A7041C /* 无限.app */;
			productType = "com.apple.product-type.application";
		};
		5B57D4441C979E7700A7041C /* 无限Tests */ = {
			isa = PBXNativeTarget;
			buildConfigurationList = 5B57D45C1C979E7700A7041C /* Build configuration list for PBXNativeTarget "无限Tests" */;
			buildPhases = (
				5B57D4411C979E7700A7041C /* Sources */,
				5B57D4421C979E7700A7041C /* Frameworks */,
				5B57D4431C979E7700A7041C /* Resources */,
			);
			buildRules = (
			);
			dependencies = (
				5B57D4471C979E7700A7041C /* PBXTargetDependency */,
			);
			name = "无限Tests";
			productName = "无限Tests";
			productReference = 5B57D4451C979E7700A7041C /* 无限Tests.xctest */;
			productType = "com.apple.product-type.bundle.unit-test";
		};
		5B57D44F1C979E7700A7041C /* 无限UITests */ = {
			isa = PBXNativeTarget;
			buildConfigurationList = 5B57D45F1C979E7700A7041C /* Build configuration list for PBXNativeTarget "无限UITests" */;
			buildPhases = (
				5B57D44C1C979E7700A7041C /* Sources */,
				5B57D44D1C979E7700A7041C /* Frameworks */,
				5B57D44E1C979E7700A7041C /* Resources */,
			);
			buildRules = (
			);
			dependencies = (
				5B57D4521C979E7700A7041C /* PBXTargetDependency */,
			);
			name = "无限UITests";
			productName = "无限UITests";
			productReference = 5B57D4501C979E7700A7041C /* 无限UITests.xctest */;
			productType = "com.apple.product-type.bundle.ui-testing";
		};
/* End PBXNativeTarget section */

/* Begin PBXProject section */
		5B57D4241C979E7700A7041C /* Project object */ = {
			isa = PBXProject;
			attributes = {
				LastUpgradeCheck = 0720;
				ORGANIZATIONNAME = hunuo;
				TargetAttributes = {
					5B57D42B1C979E7700A7041C = {
						CreatedOnToolsVersion = 7.2;
					};
					5B57D4441C979E7700A7041C = {
						CreatedOnToolsVersion = 7.2;
						TestTargetID = 5B57D42B1C979E7700A7041C;
					};
					5B57D44F1C979E7700A7041C = {
						CreatedOnToolsVersion = 7.2;
						TestTargetID = 5B57D42B1C979E7700A7041C;
					};
				};
			};
			buildConfigurationList = 5B57D4271C979E7700A7041C /* Build configuration list for PBXProject "无限" */;
			compatibilityVersion = "Xcode 3.2";
			developmentRegion = English;
			hasScannedForEncodings = 0;
			knownRegions = (
				en,
				Base,
			);
			mainGroup = 5B57D4231C979E7700A7041C;
			productRefGroup = 5B57D42D1C979E7700A7041C /* Products */;
			projectDirPath = "";
			projectRoot = "";
			targets = (
				5B57D42B1C979E7700A7041C /* 无限 */,
				5B57D4441C979E7700A7041C /* 无限Tests */,
				5B57D44F1C979E7700A7041C /* 无限UITests */,
			);
		};
/* End PBXProject section */

/* Begin PBXResourcesBuildPhase section */
		5B57D42A1C979E7700A7041C /* Resources */ = {
			isa = PBXResourcesBuildPhase;
			buildActionMask = 2147483647;
			files = (
				5B57D43F1C979E7700A7041C /* LaunchScreen.storyboard in Resources */,
				5B57D43C1C979E7700A7041C /* Assets.xcassets in Resources */,
				5B57D43A1C979E7700A7041C /* Main.storyboard in Resources */,
			);
			runOnlyForDeploymentPostprocessing = 0;
		};
		5B57D4431C979E7700A7041C /* Resources */ = {
			isa = PBXResourcesBuildPhase;
			buildActionMask = 2147483647;
			files = (
			);
			runOnlyForDeploymentPostprocessing = 0;
		};
		5B57D44E1C979E7700A7041C /* Resources */ = {
			isa = PBXResourcesBuildPhase;
			buildActionMask = 2147483647;
			files = (
			);
			runOnlyForDeploymentPostprocessing = 0;
		};
/* End PBXResourcesBuildPhase section */

/* Begin PBXSourcesBuildPhase section */
		5B57D4281C979E7700A7041C /* Sources */ = {
			isa = PBXSourcesBuildPhase;
			buildActionMask = 2147483647;
			files = (
				5B57D4371C979E7700A7041C /* ViewController.m in Sources */,
				5B57D4341C979E7700A7041C /* AppDelegate.m in Sources */,
				5B57D4311C979E7700A7041C /* main.m in Sources */,
			);
			runOnlyForDeploymentPostprocessing = 0;
		};
		5B57D4411C979E7700A7041C /* Sources */ = {
			isa = PBXSourcesBuildPhase;
			buildActionMask = 2147483647;
			files = (
				5B57D44A1C979E7700A7041C /* __Tests.m in Sources */,
			);
			runOnlyForDeploymentPostprocessing = 0;
		};
		5B57D44C1C979E7700A7041C /* Sources */ = {
			isa = PBXSourcesBuildPhase;
			buildActionMask = 2147483647;
			files = (
				5B57D4551C979E7700A7041C /* __UITests.m in Sources */,
			);
			runOnlyForDeploymentPostprocessing = 0;
		};
/* End PBXSourcesBuildPhase section */

/* Begin PBXTargetDependency section */
		5B57D4471C979E7700A7041C /* PBXTargetDependency */ = {
			isa = PBXTargetDependency;
			target = 5B57D42B1C979E7700A7041C /* 无限 */;
			targetProxy = 5B57D4461C979E7700A7041C /* PBXContainerItemProxy */;
		};
		5B57D4521C979E7700A7041C /* PBXTargetDependency */ = {
			isa = PBXTargetDependency;
			target = 5B57D42B1C979E7700A7041C /* 无限 */;
			targetProxy = 5B57D4511C979E7700A7041C /* PBXContainerItemProxy */;
		};
/* End PBXTargetDependency section */

/* Begin PBXVariantGroup section */
		5B57D4381C979E7700A7041C /* Main.storyboard */ = {
			isa = PBXVariantGroup;
			children = (
				5B57D4391C979E7700A7041C /* Base */,
			);
			name = Main.storyboard;
			sourceTree = "<group>";
		};
		5B57D43D1C979E7700A7041C /* LaunchScreen.storyboard */ = {
			isa = PBXVariantGroup;
			children = (
				5B57D43E1C979E7700A7041C /* Base */,
			);
			name = LaunchScreen.storyboard;
			sourceTree = "<group>";
		};
/* End PBXVariantGroup section */

/* Begin XCBuildConfiguration section */
		5B57D4571C979E7700A7041C /* Debug */ = {
			isa = XCBuildConfiguration;
			buildSettings = {
				ALWAYS_SEARCH_USER_PATHS = NO;
				CLANG_CXX_LANGUAGE_STANDARD = "gnu++0x";
				CLANG_CXX_LIBRARY = "libc++";
				CLANG_ENABLE_MODULES = YES;
				CLANG_ENABLE_OBJC_ARC = YES;
				CLANG_WARN_BOOL_CONVERSION = YES;
				CLANG_WARN_CONSTANT_CONVERSION = YES;
				CLANG_WARN_DIRECT_OBJC_ISA_USAGE = YES_ERROR;
				CLANG_WARN_EMPTY_BODY = YES;
				CLANG_WARN_ENUM_CONVERSION = YES;
				CLANG_WARN_INT_CONVERSION = YES;
				CLANG_WARN_OBJC_ROOT_CLASS = YES_ERROR;
				CLANG_WARN_UNREACHABLE_CODE = YES;
				CLANG_WARN__DUPLICATE_METHOD_MATCH = YES;
				"CODE_SIGN_IDENTITY[sdk=iphoneos*]" = "iPhone Developer";
				COPY_PHASE_STRIP = NO;
				DEBUG_INFORMATION_FORMAT = dwarf;
				ENABLE_STRICT_OBJC_MSGSEND = YES;
				ENABLE_TESTABILITY = YES;
				GCC_C_LANGUAGE_STANDARD = gnu99;
				GCC_DYNAMIC_NO_PIC = NO;
				GCC_NO_COMMON_BLOCKS = YES;
				GCC_OPTIMIZATION_LEVEL = 0;
				GCC_PREPROCESSOR_DEFINITIONS = (
					"DEBUG=1",
					"$(inherited)",
				);
				GCC_WARN_64_TO_32_BIT_CONVERSION = YES;
				GCC_WARN_ABOUT_RETURN_TYPE = YES_ERROR;
				GCC_WARN_UNDECLARED_SELECTOR = YES;
				GCC_WARN_UNINITIALIZED_AUTOS = YES_AGGRESSIVE;
				GCC_WARN_UNUSED_FUNCTION = YES;
				GCC_WARN_UNUSED_VARIABLE = YES;
				IPHONEOS_DEPLOYMENT_TARGET = 9.2;
				MTL_ENABLE_DEBUG_INFO = YES;
				ONLY_ACTIVE_ARCH = YES;
				SDKROOT = iphoneos;
			};
			name = Debug;
		};
		5B57D4581C979E7700A7041C /* Release */ = {
			isa = XCBuildConfiguration;
			buildSettings = {
				ALWAYS_SEARCH_USER_PATHS = NO;
				CLANG_CXX_LANGUAGE_STANDARD = "gnu++0x";
				CLANG_CXX_LIBRARY = "libc++";
				CLANG_ENABLE_MODULES = YES;
				CLANG_ENABLE_OBJC_ARC = YES;
				CLANG_WARN_BOOL_CONVERSION = YES;
				CLANG_WARN_CONSTANT_CONVERSION = YES;
				CLANG_WARN_DIRECT_OBJC_ISA_USAGE = YES_ERROR;
				CLANG_WARN_EMPTY_BODY = YES;
				CLANG_WARN_ENUM_CONVERSION = YES;
				CLANG_WARN_INT_CONVERSION = YES;
				CLANG_WARN_OBJC_ROOT_CLASS = YES_ERROR;
				CLANG_WARN_UNREACHABLE_CODE = YES;
				CLANG_WARN__DUPLICATE_METHOD_MATCH = YES;
				"CODE_SIGN_IDENTITY[sdk=iphoneos*]" = "iPhone Developer";
				COPY_PHASE_STRIP = NO;
				DEBUG_INFORMATION_FORMAT = "dwarf-with-dsym";
				ENABLE_NS_ASSERTIONS = NO;
				ENABLE_STRICT_OBJC_MSGSEND = YES;
				GCC_C_LANGUAGE_STANDARD = gnu99;
				GCC_NO_COMMON_BLOCKS = YES;
				GCC_WARN_64_TO_32_BIT_CONVERSION = YES;
				GCC_WARN_ABOUT_RETURN_TYPE = YES_ERROR;
				GCC_WARN_UNDECLARED_SELECTOR = YES;
				GCC_WARN_UNINITIALIZED_AUTOS = YES_AGGRESSIVE;
				GCC_WARN_UNUSED_FUNCTION = YES;
				GCC_WARN_UNUSED_VARIABLE = YES;
				IPHONEOS_DEPLOYMENT_TARGET = 9.2;
				MTL_ENABLE_DEBUG_INFO = NO;
				SDKROOT = iphoneos;
				VALIDATE_PRODUCT = YES;
			};
			name = Release;
		};
		5B57D45A1C979E7700A7041C /* Debug */ = {
			isa = XCBuildConfiguration;
			buildSettings = {
				ASSETCATALOG_COMPILER_APPICON_NAME = AppIcon;
				INFOPLIST_FILE = "无限/Info.plist";
				LD_RUNPATH_SEARCH_PATHS = "$(inherited) @executable_path/Frameworks";
				PRODUCT_BUNDLE_IDENTIFIER = "hunuo.--";
				PRODUCT_NAME = "$(TARGET_NAME)";
			};
			name = Debug;
		};
		5B57D45B1C979E7700A7041C /* Release */ = {
			isa = XCBuildConfiguration;
			buildSettings = {
				ASSETCATALOG_COMPILER_APPICON_NAME = AppIcon;
				INFOPLIST_FILE = "无限/Info.plist";
				LD_RUNPATH_SEARCH_PATHS = "$(inherited) @executable_path/Frameworks";
				PRODUCT_BUNDLE_IDENTIFIER = "hunuo.--";
				PRODUCT_NAME = "$(TARGET_NAME)";
			};
			name = Release;
		};
		5B57D45D1C979E7700A7041C /* Debug */ = {
			isa = XCBuildConfiguration;
			buildSettings = {
				BUNDLE_LOADER = "$(TEST_HOST)";
				INFOPLIST_FILE = "无限Tests/Info.plist";
				LD_RUNPATH_SEARCH_PATHS = "$(inherited) @executable_path/Frameworks @loader_path/Frameworks";
				PRODUCT_BUNDLE_IDENTIFIER = "hunuo.--Tests";
				PRODUCT_NAME = "$(TARGET_NAME)";
				TEST_HOST = "$(BUILT_PRODUCTS_DIR)/无限.app/无限";
			};
			name = Debug;
		};
		5B57D45E1C979E7700A7041C /* Release */ = {
			isa = XCBuildConfiguration;
			buildSettings = {
				BUNDLE_LOADER = "$(TEST_HOST)";
				INFOPLIST_FILE = "无限Tests/Info.plist";
				LD_RUNPATH_SEARCH_PATHS = "$(inherited) @executable_path/Frameworks @loader_path/Frameworks";
				PRODUCT_BUNDLE_IDENTIFIER = "hunuo.--Tests";
				PRODUCT_NAME = "$(TARGET_NAME)";
				TEST_HOST = "$(BUILT_PRODUCTS_DIR)/无限.app/无限";
			};
			name = Release;
		};
		5B57D4601C979E7700A7041C /* Debug */ = {
			isa = XCBuildConfiguration;
			buildSettings = {
				INFOPLIST_FILE = "无限UITests/Info.plist";
				LD_RUNPATH_SEARCH_PATHS = "$(inherited) @executable_path/Frameworks @loader_path/Frameworks";
				PRODUCT_BUNDLE_IDENTIFIER = "hunuo.--UITests";
				PRODUCT_NAME = "$(TARGET_NAME)";
				TEST_TARGET_NAME = "无限";
				USES_XCTRUNNER = YES;
			};
			name = Debug;
		};
		5B57D4611C979E7700A7041C /* Release */ = {
			isa = XCBuildConfiguration;
			buildSettings = {
				INFOPLIST_FILE = "无限UITests/Info.plist";
				LD_RUNPATH_SEARCH_PATHS = "$(inherited) @executable_path/Frameworks @loader_path/Frameworks";
				PRODUCT_BUNDLE_IDENTIFIER = "hunuo.--UITests";
				PRODUCT_NAME = "$(TARGET_NAME)";
				TEST_TARGET_NAME = "无限";
				USES_XCTRUNNER = YES;
			};
			name = Release;
		};
/* End XCBuildConfiguration section */

/* Begin XCConfigurationList section */
		5B57D4271C979E7700A7041C /* Build configuration list for PBXProject "无限" */ = {
			isa = XCConfigurationList;
			buildConfigurations = (
				5B57D4571C979E7700A7041C /* Debug */,
				5B57D4581C979E7700A7041C /* Release */,
			);
			defaultConfigurationIsVisible = 0;
			defaultConfigurationName = Release;
		};
		5B57D4591C979E7700A7041C /* Build configuration list for PBXNativeTarget "无限" */ = {
			isa = XCConfigurationList;
			buildConfigurations = (
				5B57D45A1C979E7700A7041C /* Debug */,
				5B57D45B1C979E7700A7041C /* Release */,
			);
			defaultConfigurationIsVisible = 0;
		};
		5B57D45C1C979E7700A7041C /* Build configuration list for PBXNativeTarget "无限Tests" */ = {
			isa = XCConfigurationList;
			buildConfigurations = (
				5B57D45D1C979E7700A7041C /* Debug */,
				5B57D45E1C979E7700A7041C /* Release */,
			);
			defaultConfigurationIsVisible = 0;
		};
		5B57D45F1C979E7700A7041C /* Build configuration list for PBXNativeTarget "无限UITests" */ = {
			isa = XCConfigurationList;
			buildConfigurations = (
				5B57D4601C979E7700A7041C /* Debug */,
				5B57D4611C979E7700A7041C /* Release */,
			);
			defaultConfigurationIsVisible = 0;
		};
/* End XCConfigurationList section */
	};
	rootObject = 5B57D4241C979E7700A7041C /* Project object */;
}
